Microsoft Visual Studio Solution File, Format Version 12.00
# Visual Studio Version 17
VisualStudioVersion = 17.5.2.0
MinimumVisualStudioVersion = 10.0.40219.1
Project("{FAE04EC0-301F-11D3-BF4B-00C04F79EFBC}") = "AvnChecker.Desktop", "AvnChecker.Desktop\AvnChecker.Desktop.csproj", "{048D7063-4D1F-58D8-F292-5A6C953FA71E}"
EndProject
Global
	GlobalSection(SolutionConfigurationPlatforms) = preSolution
		Debug|Any CPU = Debug|Any CPU
		Release|Any CPU = Release|Any CPU
	EndGlobalSection
	GlobalSection(ProjectConfigurationPlatforms) = postSolution
		{048D7063-4D1F-58D8-F292-5A6C953FA71E}.Debug|Any CPU.ActiveCfg = Debug|Any CPU
		{048D7063-4D1F-58D8-F292-5A6C953FA71E}.Debug|Any CPU.Build.0 = Debug|Any CPU
		{048D7063-4D1F-58D8-F292-5A6C953FA71E}.Release|Any CPU.ActiveCfg = Release|Any CPU
		{048D7063-4D1F-58D8-F292-5A6C953FA71E}.Release|Any CPU.Build.0 = Release|Any CPU
	EndGlobalSection
	GlobalSection(SolutionProperties) = preSolution
		HideSolutionNode = FALSE
	EndGlobalSection
	GlobalSection(ExtensibilityGlobals) = postSolution
		SolutionGuid = {C54DC649-4F6E-4365-B7BF-6D6DC75ED12D}
	EndGlobalSection
EndGlobal
